// !$*UTF8*$!
{
	archiveVersion = 1;
	classes = {
	};
	objectVersion = 50;
	objects = {

/* Begin PBXBuildFile section */
		3EF1E3FA29661149007C9B8D /* ConverThermoApp.swift in Sources */ = {isa = PBXBuildFile; fileRef = 3EF1E3F929661149007C9B8D /* ConverThermoApp.swift */; };
		3EF1E3FC29661149007C9B8D /* ContentView.swift in Sources */ = {isa = PBXBuildFile; fileRef = 3EF1E3FB29661149007C9B8D /* ContentView.swift */; };
		3EF1E3FE29661151007C9B8D /* Assets.xcassets in Resources */ = {isa = PBXBuildFile; fileRef = 3EF1E3FD29661151007C9B8D /* Assets.xcassets */; };
		3EF1E40129661151007C9B8D /* Preview Assets.xcassets in Resources */ = {isa = PBXBuildFile; fileRef = 3EF1E40029661151007C9B8D /* Preview Assets.xcassets */; };
		3EF1E40C29661151007C9B8D /* ConverThermoTests.swift in Sources */ = {isa = PBXBuildFile; fileRef = 3EF1E40B29661151007C9B8D /* ConverThermoTests.swift */; };
		3EF1E41729661151007C9B8D /* ConverThermoUITests.swift in Sources */ = {isa = PBXBuildFile; fileRef = 3EF1E41629661151007C9B8D /* ConverThermoUITests.swift */; };
/* End PBXBuildFile section */

/* Begin PBXContainerItemProxy section */
		3EF1E40829661151007C9B8D /* PBXContainerItemProxy */ = {
			isa = PBXContainerItemProxy;
			containerPortal = 3EF1E3EE29661149007C9B8D /* Project object */;
			proxyType = 1;
			remoteGlobalIDString = 3EF1E3F529661149007C9B8D;
			remoteInfo = ConverThermo;
		};
		3EF1E41329661151007C9B8D /* PBXContainerItemProxy */ = {
			isa = PBXContainerItemProxy;
			containerPortal = 3EF1E3EE29661149007C9B8D /* Project object */;
			proxyType = 1;
			remoteGlobalIDString = 3EF1E3F529661149007C9B8D;
			remoteInfo = ConverThermo;
		};
/* End PBXContainerItemProxy section */

/* Begin PBXFileReference section */
		3EF1E3F629661149007C9B8D /* ConverThermo.app */ = {isa = PBXFileReference; explicitFileType = wrapper.application; includeInIndex = 0; path = ConverThermo.app; sourceTree = BUILT_PRODUCTS_DIR; };
		3EF1E3F929661149007C9B8D /* ConverThermoApp.swift */ = {isa = PBXFileReference; lastKnownFileType = sourcecode.swift; path = ConverThermoApp.swift; sourceTree = "<group>"; };
		3EF1E3FB29661149007C9B8D /* ContentView.swift */ = {isa = PBXFileReference; lastKnownFileType = sourcecode.swift; path = ContentView.swift; sourceTree = "<group>"; };
		3EF1E3FD29661151007C9B8D /* Assets.xcassets */ = {isa = PBXFileReference; lastKnownFileType = folder.assetcatalog; path = Assets.xcassets; sourceTree = "<group>"; };
		3EF1E40029661151007C9B8D /* Preview Assets.xcassets */ = {isa = PBXFileReference; lastKnownFileType = folder.assetcatalog; path = "Preview Assets.xcassets"; sourceTree = "<group>"; };
		3EF1E40229661151007C9B8D /* Info.plist */ = {isa = PBXFileReference; lastKnownFileType = text.plist.xml; path = Info.plist; sourceTree = "<group>"; };
		3EF1E40729661151007C9B8D /* ConverThermoTests.xctest */ = {isa = PBXFileReference; explicitFileType = wrapper.cfbundle; includeInIndex = 0; path = ConverThermoTests.xctest; sourceTree = BUILT_PRODUCTS_DIR; };
		3EF1E40B29661151007C9B8D /* ConverThermoTests.swift */ = {isa = PBXFileReference; lastKnownFileType = sourcecode.swift; path = ConverThermoTests.swift; sourceTree = "<group>"; };
		3EF1E40D29661151007C9B8D /* Info.plist */ = {isa = PBXFileReference; lastKnownFileType = text.plist.xml; path = Info.plist; sourceTree = "<group>"; };
		3EF1E41229661151007C9B8D /* ConverThermoUITests.xctest */ = {isa = PBXFileReference; explicitFileType = wrapper.cfbundle; includeInIndex = 0; path = ConverThermoUITests.xctest; sourceTree = BUILT_PRODUCTS_DIR; };
		3EF1E41629661151007C9B8D /* ConverThermoUITests.swift */ = {isa = PBXFileReference; lastKnownFileType = sourcecode.swift; path = ConverThermoUITests.swift; sourceTree = "<group>"; };
		3EF1E41829661151007C9B8D /* Info.plist */ = {isa = PBXFileReference; lastKnownFileType = text.plist.xml; path = Info.plist; sourceTree = "<group>"; };
/* End PBXFileReference section */

/* Begin PBXFrameworksBuildPhase section */
		3EF1E3F329661149007C9B8D /* Frameworks */ = {
			isa = PBXFrameworksBuildPhase;
			buildActionMask = 2147483647;
			files = (
			);
			runOnlyForDeploymentPostprocessing = 0;
		};
		3EF1E40429661151007C9B8D /* Frameworks */ = {
			isa = PBXFrameworksBuildPhase;
			buildActionMask = 2147483647;
			files = (
			);
			runOnlyForDeploymentPostprocessing = 0;
		};
		3EF1E40F29661151007C9B8D /* Frameworks */ = {
			isa = PBXFrameworksBuildPhase;
			buildActionMask = 2147483647;
			files = (
			);
			runOnlyForDeploymentPostprocessing = 0;
		};
/* End PBXFrameworksBuildPhase section */

/* Begin PBXGroup section */
		3EF1E3ED29661149007C9B8D = {
			isa = PBXGroup;
			children = (
				3EF1E3F829661149007C9B8D /* ConverThermo */,
				3EF1E40A29661151007C9B8D /* ConverThermoTests */,
				3EF1E41529661151007C9B8D /* ConverThermoUITests */,
				3EF1E3F729661149007C9B8D /* Products */,
			);
			sourceTree = "<group>";
		};
		3EF1E3F729661149007C9B8D /* Products */ = {
			isa = PBXGroup;
			children = (
				3EF1E3F629661149007C9B8D /* ConverThermo.app */,
				3EF1E40729661151007C9B8D /* ConverThermoTests.xctest */,
				3EF1E41229661151007C9B8D /* ConverThermoUITests.xctest */,
			);
			name = Products;
			sourceTree = "<group>";
		};
		3EF1E3F829661149007C9B8D /* ConverThermo */ = {
			isa = PBXGroup;
			children = (
				3EF1E3F929661149007C9B8D /* ConverThermoApp.swift */,
				3EF1E3FB29661149007C9B8D /* ContentView.swift */,
				3EF1E3FD29661151007C9B8D /* Assets.xcassets */,
				3EF1E40229661151007C9B8D /* Info.plist */,
				3EF1E3FF29661151007C9B8D /* Preview Content */,
			);
			path = ConverThermo;
			sourceTree = "<group>";
		};
		3EF1E3FF29661151007C9B8D /* Preview Content */ = {
			isa = PBXGroup;
			children = (
				3EF1E40029661151007C9B8D /* Preview Assets.xcassets */,
			);
			path = "Preview Content";
			sourceTree = "<group>";
		};
		3EF1E40A29661151007C9B8D /* ConverThermoTests */ = {
			isa = PBXGroup;
			children = (
				3EF1E40B29661151007C9B8D /* ConverThermoTests.swift */,
				3EF1E40D29661151007C9B8D /* Info.plist */,
			);
			path = ConverThermoTests;
			sourceTree = "<group>";
		};
		3EF1E41529661151007C9B8D /* ConverThermoUITests */ = {
			isa = PBXGroup;
			children = (
				3EF1E41629661151007C9B8D /* ConverThermoUITests.swift */,
				3EF1E41829661151007C9B8D /* Info.plist */,
			);
			path = ConverThermoUITests;
			sourceTree = "<group>";
		};
/* End PBXGroup section */

/* Begin PBXNativeTarget section */
		3EF1E3F529661149007C9B8D /* ConverThermo */ = {
			isa = PBXNativeTarget;
			buildConfigurationList = 3EF1E41B29661151007C9B8D /* Build configuration list for PBXNativeTarget "ConverThermo" */;
			buildPhases = (
				3EF1E3F229661149007C9B8D /* Sources */,
				3EF1E3F329661149007C9B8D /* Frameworks */,
				3EF1E3F429661149007C9B8D /* Resources */,
			);
			buildRules = (
			);
			dependencies = (
			);
			name = ConverThermo;
			productName = ConverThermo;
			productReference = 3EF1E3F629661149007C9B8D /* ConverThermo.app */;
			productType = "com.apple.product-type.application";
		};
		3EF1E40629661151007C9B8D /* ConverThermoTests */ = {
			isa = PBXNativeTarget;
			buildConfigurationList = 3EF1E41E29661151007C9B8D /* Build configuration list for PBXNativeTarget "ConverThermoTests" */;
			buildPhases = (
				3EF1E40329661151007C9B8D /* Sources */,
				3EF1E40429661151007C9B8D /* Frameworks */,
				3EF1E40529661151007C9B8D /* Resources */,
			);
			buildRules = (
			);
			dependencies = (
				3EF1E40929661151007C9B8D /* PBXTargetDependency */,
			);
			name = ConverThermoTests;
			productName = ConverThermoTests;
			productReference = 3EF1E40729661151007C9B8D /* ConverThermoTests.xctest */;
			productType = "com.apple.product-type.bundle.unit-test";
		};
		3EF1E41129661151007C9B8D /* ConverThermoUITests */ = {
			isa = PBXNativeTarget;
			buildConfigurationList = 3EF1E42129661151007C9B8D /* Build configuration list for PBXNativeTarget "ConverThermoUITests" */;
			buildPhases = (
				3EF1E40E29661151007C9B8D /* Sources */,
				3EF1E40F29661151007C9B8D /* Frameworks */,
				3EF1E41029661151007C9B8D /* Resources */,
			);
			buildRules = (
			);
			dependencies = (
				3EF1E41429661151007C9B8D /* PBXTargetDependency */,
			);
			name = ConverThermoUITests;
			productName = ConverThermoUITests;
			productReference = 3EF1E41229661151007C9B8D /* ConverThermoUITests.xctest */;
			productType = "com.apple.product-type.bundle.ui-testing";
		};
/* End PBXNativeTarget section */

/* Begin PBXProject section */
		3EF1E3EE29661149007C9B8D /* Project object */ = {
			isa = PBXProject;
			attributes = {
				LastSwiftUpdateCheck = 1240;
				LastUpgradeCheck = 1240;
				TargetAttributes = {
					3EF1E3F529661149007C9B8D = {
						CreatedOnToolsVersion = 12.4;
					};
					3EF1E40629661151007C9B8D = {
						CreatedOnToolsVersion = 12.4;
						TestTargetID = 3EF1E3F529661149007C9B8D;
					};
					3EF1E41129661151007C9B8D = {
						CreatedOnToolsVersion = 12.4;
						TestTargetID = 3EF1E3F529661149007C9B8D;
					};
				};
			};
			buildConfigurationList = 3EF1E3F129661149007C9B8D /* Build configuration list for PBXProject "ConverThermo" */;
			compatibilityVersion = "Xcode 9.3";
			developmentRegion = en;
			hasScannedForEncodings = 0;
			knownRegions = (
				en,
				Base,
			);
			mainGroup = 3EF1E3ED29661149007C9B8D;
			productRefGroup = 3EF1E3F729661149007C9B8D /* Products */;
			projectDirPath = "";
			projectRoot = "";
			targets = (
				3EF1E3F529661149007C9B8D /* ConverThermo */,
				3EF1E40629661151007C9B8D /* ConverThermoTests */,
				3EF1E41129661151007C9B8D /* ConverThermoUITests */,
			);
		};
/* End PBXProject section */

/* Begin PBXResourcesBuildPhase section */
		3EF1E3F429661149007C9B8D /* Resources */ = {
			isa = PBXResourcesBuildPhase;
			buildActionMask = 2147483647;
			files = (
				3EF1E40129661151007C9B8D /* Preview Assets.xcassets in Resources */,
				3EF1E3FE29661151007C9B8D /* Assets.xcassets in Resources */,
			);
			runOnlyForDeploymentPostprocessing = 0;
		};
		3EF1E40529661151007C9B8D /* Resources */ = {
			isa = PBXResourcesBuildPhase;
			buildActionMask = 2147483647;
			files = (
			);
			runOnlyForDeploymentPostprocessing = 0;
		};
		3EF1E41029661151007C9B8D /* Resources */ = {
			isa = PBXResourcesBuildPhase;
			buildActionMask = 2147483647;
			files = (
			);
			runOnlyForDeploymentPostprocessing = 0;
		};
/* End PBXResourcesBuildPhase section */

/* Begin PBXSourcesBuildPhase section */
		3EF1E3F229661149007C9B8D /* Sources */ = {
			isa = PBXSourcesBuildPhase;
			buildActionMask = 2147483647;
			files = (
				3EF1E3FC29661149007C9B8D /* ContentView.swift in Sources */,
				3EF1E3FA29661149007C9B8D /* ConverThermoApp.swift in Sources */,
			);
			runOnlyForDeploymentPostprocessing = 0;
		};
		3EF1E40329661151007C9B8D /* Sources */ = {
			isa = PBXSourcesBuildPhase;
			buildActionMask = 2147483647;
			files = (
				3EF1E40C29661151007C9B8D /* ConverThermoTests.swift in Sources */,
			);
			runOnlyForDeploymentPostprocessing = 0;
		};
		3EF1E40E29661151007C9B8D /* Sources */ = {
			isa = PBXSourcesBuildPhase;
			buildActionMask = 2147483647;
			files = (
				3EF1E41729661151007C9B8D /* ConverThermoUITests.swift in Sources */,
			);
			runOnlyForDeploymentPostprocessing = 0;
		};
/* End PBXSourcesBuildPhase section */

/* Begin PBXTargetDependency section */
		3EF1E40929661151007C9B8D /* PBXTargetDependency */ = {
			isa = PBXTargetDependency;
			target = 3EF1E3F529661149007C9B8D /* ConverThermo */;
			targetProxy = 3EF1E40829661151007C9B8D /* PBXContainerItemProxy */;
		};
		3EF1E41429661151007C9B8D /* PBXTargetDependency */ = {
			isa = PBXTargetDependency;
			target = 3EF1E3F529661149007C9B8D /* ConverThermo */;
			targetProxy = 3EF1E41329661151007C9B8D /* PBXContainerItemProxy */;
		};
/* End PBXTargetDependency section */

/* Begin XCBuildConfiguration section */
		3EF1E41929661151007C9B8D /* Debug */ = {
			isa = XCBuildConfiguration;
			buildSettings = {
				ALWAYS_SEARCH_USER_PATHS = NO;
				CLANG_ANALYZER_NONNULL = YES;
				CLANG_ANALYZER_NUMBER_OBJECT_CONVERSION = YES_AGGRESSIVE;
				CLANG_CXX_LANGUAGE_STANDARD = "gnu++14";
				CLANG_CXX_LIBRARY = "libc++";
				CLANG_ENABLE_MODULES = YES;
				CLANG_ENABLE_OBJC_ARC = YES;
				CLANG_ENABLE_OBJC_WEAK = YES;
				CLANG_WARN_BLOCK_CAPTURE_AUTORELEASING = YES;
				CLANG_WARN_BOOL_CONVERSION = YES;
				CLANG_WARN_COMMA = YES;
				CLANG_WARN_CONSTANT_CONVERSION = YES;
				CLANG_WARN_DEPRECATED_OBJC_IMPLEMENTATIONS = YES;
				CLANG_WARN_DIRECT_OBJC_ISA_USAGE = YES_ERROR;
				CLANG_WARN_DOCUMENTATION_COMMENTS = YES;
				CLANG_WARN_EMPTY_BODY = YES;
				CLANG_WARN_ENUM_CONVERSION = YES;
				CLANG_WARN_INFINITE_RECURSION = YES;
				CLANG_WARN_INT_CONVERSION = YES;
				CLANG_WARN_NON_LITERAL_NULL_CONVERSION = YES;
				CLANG_WARN_OBJC_IMPLICIT_RETAIN_SELF = YES;
				CLANG_WARN_OBJC_LITERAL_CONVERSION = YES;
				CLANG_WARN_OBJC_ROOT_CLASS = YES_ERROR;
				CLANG_WARN_QUOTED_INCLUDE_IN_FRAMEWORK_HEADER = YES;
				CLANG_WARN_RANGE_LOOP_ANALYSIS = YES;
				CLANG_WARN_STRICT_PROTOTYPES = YES;
				CLANG_WARN_SUSPICIOUS_MOVE = YES;
				CLANG_WARN_UNGUARDED_AVAILABILITY = YES_AGGRESSIVE;
				CLANG_WARN_UNREACHABLE_CODE = YES;
				CLANG_WARN__DUPLICATE_METHOD_MATCH = YES;
				COPY_PHASE_STRIP = NO;
				DEBUG_INFORMATION_FORMAT = dwarf;
				ENABLE_STRICT_OBJC_MSGSEND = YES;
				ENABLE_TESTABILITY = YES;
				GCC_C_LANGUAGE_STANDARD = gnu11;
				GCC_DYNAMIC_NO_PIC = NO;
				GCC_NO_COMMON_BLOCKS = YES;
				GCC_OPTIMIZATION_LEVEL = 0;
				GCC_PREPROCESSOR_DEFINITIONS = (
					"DEBUG=1",
					"$(inherited)",
				);
				GCC_WARN_64_TO_32_BIT_CONVERSION = YES;
				GCC_WARN_ABOUT_RETURN_TYPE = YES_ERROR;
				GCC_WARN_UNDECLARED_SELECTOR = YES;
				GCC_WARN_UNINITIALIZED_AUTOS = YES_AGGRESSIVE;
				GCC_WARN_UNUSED_FUNCTION = YES;
				GCC_WARN_UNUSED_VARIABLE = YES;
				IPHONEOS_DEPLOYMENT_TARGET = 14.4;
				MTL_ENABLE_DEBUG_INFO = INCLUDE_SOURCE;
				MTL_FAST_MATH = YES;
				ONLY_ACTIVE_ARCH = YES;
				SDKROOT = iphoneos;
				SWIFT_ACTIVE_COMPILATION_CONDITIONS = DEBUG;
				SWIFT_OPTIMIZATION_LEVEL = "-Onone";
			};
			name = Debug;
		};
		3EF1E41A29661151007C9B8D /* Release */ = {
			isa = XCBuildConfiguration;
			buildSettings = {
				ALWAYS_SEARCH_USER_PATHS = NO;
				CLANG_ANALYZER_NONNULL = YES;
				CLANG_ANALYZER_NUMBER_OBJECT_CONVERSION = YES_AGGRESSIVE;
				CLANG_CXX_LANGUAGE_STANDARD = "gnu++14";
				CLANG_CXX_LIBRARY = "libc++";
				CLANG_ENABLE_MODULES = YES;
				CLANG_ENABLE_OBJC_ARC = YES;
				CLANG_ENABLE_OBJC_WEAK = YES;
				CLANG_WARN_BLOCK_CAPTURE_AUTORELEASING = YES;
				CLANG_WARN_BOOL_CONVERSION = YES;
				CLANG_WARN_COMMA = YES;
				CLANG_WARN_CONSTANT_CONVERSION = YES;
				CLANG_WARN_DEPRECATED_OBJC_IMPLEMENTATIONS = YES;
				CLANG_WARN_DIRECT_OBJC_ISA_USAGE = YES_ERROR;
				CLANG_WARN_DOCUMENTATION_COMMENTS = YES;
				CLANG_WARN_EMPTY_BODY = YES;
				CLANG_WARN_ENUM_CONVERSION = YES;
				CLANG_WARN_INFINITE_RECURSION = YES;
				CLANG_WARN_INT_CONVERSION = YES;
				CLANG_WARN_NON_LITERAL_NULL_CONVERSION = YES;
				CLANG_WARN_OBJC_IMPLICIT_RETAIN_SELF = YES;
				CLANG_WARN_OBJC_LITERAL_CONVERSION = YES;
				CLANG_WARN_OBJC_ROOT_CLASS = YES_ERROR;
				CLANG_WARN_QUOTED_INCLUDE_IN_FRAMEWORK_HEADER = YES;
				CLANG_WARN_RANGE_LOOP_ANALYSIS = YES;
				CLANG_WARN_STRICT_PROTOTYPES = YES;
				CLANG_WARN_SUSPICIOUS_MOVE = YES;
				CLANG_WARN_UNGUARDED_AVAILABILITY = YES_AGGRESSIVE;
				CLANG_WARN_UNREACHABLE_CODE = YES;
				CLANG_WARN__DUPLICATE_METHOD_MATCH = YES;
				COPY_PHASE_STRIP = NO;
				DEBUG_INFORMATION_FORMAT = "dwarf-with-dsym";
				ENABLE_NS_ASSERTIONS = NO;
				ENABLE_STRICT_OBJC_MSGSEND = YES;
				GCC_C_LANGUAGE_STANDARD = gnu11;
				GCC_NO_COMMON_BLOCKS = YES;
				GCC_WARN_64_TO_32_BIT_CONVERSION = YES;
				GCC_WARN_ABOUT_RETURN_TYPE = YES_ERROR;
				GCC_WARN_UNDECLARED_SELECTOR = YES;
				GCC_WARN_UNINITIALIZED_AUTOS = YES_AGGRESSIVE;
				GCC_WARN_UNUSED_FUNCTION = YES;
				GCC_WARN_UNUSED_VARIABLE = YES;
				IPHONEOS_DEPLOYMENT_TARGET = 14.4;
				MTL_ENABLE_DEBUG_INFO = NO;
				MTL_FAST_MATH = YES;
				SDKROOT = iphoneos;
				SWIFT_COMPILATION_MODE = wholemodule;
				SWIFT_OPTIMIZATION_LEVEL = "-O";
				VALIDATE_PRODUCT = YES;
			};
			name = Release;
		};
		3EF1E41C29661151007C9B8D /* Debug */ = {
			isa = XCBuildConfiguration;
			buildSettings = {
				ASSETCATALOG_COMPILER_APPICON_NAME = AppIcon;
				ASSETCATALOG_COMPILER_GLOBAL_ACCENT_COLOR_NAME = AccentColor;
				CODE_SIGN_STYLE = Automatic;
				DEVELOPMENT_ASSET_PATHS = "\"ConverThermo/Preview Content\"";
				DEVELOPMENT_TEAM = 3P7CXQ622A;
				ENABLE_PREVIEWS = YES;
				INFOPLIST_FILE = ConverThermo/Info.plist;
				IPHONEOS_DEPLOYMENT_TARGET = 14.0;
				LD_RUNPATH_SEARCH_PATHS = (
					"$(inherited)",
					"@executable_path/Frameworks",
				);
				MARKETING_VERSION = 1.1.0;
				PRODUCT_BUNDLE_IDENTIFIER = gab400.ConverThermo;
				PRODUCT_NAME = "$(TARGET_NAME)";
				SWIFT_VERSION = 5.0;
				TARGETED_DEVICE_FAMILY = "1,2";
			};
			name = Debug;
		};
		3EF1E41D29661151007C9B8D /* Release */ = {
			isa = XCBuildConfiguration;
			buildSettings = {
				ASSETCATALOG_COMPILER_APPICON_NAME = AppIcon;
				ASSETCATALOG_COMPILER_GLOBAL_ACCENT_COLOR_NAME = AccentColor;
				CODE_SIGN_STYLE = Automatic;
				DEVELOPMENT_ASSET_PATHS = "\"ConverThermo/Preview Content\"";
				DEVELOPMENT_TEAM = 3P7CXQ622A;
				ENABLE_PREVIEWS = YES;
				INFOPLIST_FILE = ConverThermo/Info.plist;
				IPHONEOS_DEPLOYMENT_TARGET = 14.0;
				LD_RUNPATH_SEARCH_PATHS = (
					"$(inherited)",
					"@executable_path/Frameworks",
				);
				MARKETING_VERSION = 1.1.0;
				PRODUCT_BUNDLE_IDENTIFIER = gab400.ConverThermo;
				PRODUCT_NAME = "$(TARGET_NAME)";
				SWIFT_VERSION = 5.0;
				TARGETED_DEVICE_FAMILY = "1,2";
			};
			name = Release;
		};
		3EF1E41F29661151007C9B8D /* Debug */ = {
			isa = XCBuildConfiguration;
			buildSettings = {
				ALWAYS_EMBED_SWIFT_STANDARD_LIBRARIES = YES;
				BUNDLE_LOADER = "$(TEST_HOST)";
				CODE_SIGN_STYLE = Automatic;
				DEVELOPMENT_TEAM = 3P7CXQ622A;
				INFOPLIST_FILE = ConverThermoTests/Info.plist;
				IPHONEOS_DEPLOYMENT_TARGET = 14.0;
				LD_RUNPATH_SEARCH_PATHS = (
					"$(inherited)",
					"@executable_path/Frameworks",
					"@loader_path/Frameworks",
				);
				PRODUCT_BUNDLE_IDENTIFIER = gab400.ConverThermoTests;
				PRODUCT_NAME = "$(TARGET_NAME)";
				SWIFT_VERSION = 5.0;
				TARGETED_DEVICE_FAMILY = "1,2";
				TEST_HOST = "$(BUILT_PRODUCTS_DIR)/ConverThermo.app/ConverThermo";
			};
			name = Debug;
		};
		3EF1E42029661151007C9B8D /* Release */ = {
			isa = XCBuildConfiguration;
			buildSettings = {
				ALWAYS_EMBED_SWIFT_STANDARD_LIBRARIES = YES;
				BUNDLE_LOADER = "$(TEST_HOST)";
				CODE_SIGN_STYLE = Automatic;
				DEVELOPMENT_TEAM = 3P7CXQ622A;
				INFOPLIST_FILE = ConverThermoTests/Info.plist;
				IPHONEOS_DEPLOYMENT_TARGET = 14.0;
				LD_RUNPATH_SEARCH_PATHS = (
					"$(inherited)",
					"@executable_path/Frameworks",
					"@loader_path/Frameworks",
				);
				PRODUCT_BUNDLE_IDENTIFIER = gab400.ConverThermoTests;
				PRODUCT_NAME = "$(TARGET_NAME)";
				SWIFT_VERSION = 5.0;
				TARGETED_DEVICE_FAMILY = "1,2";
				TEST_HOST = "$(BUILT_PRODUCTS_DIR)/ConverThermo.app/ConverThermo";
			};
			name = Release;
		};
		3EF1E42229661151007C9B8D /* Debug */ = {
			isa = XCBuildConfiguration;
			buildSettings = {
				ALWAYS_EMBED_SWIFT_STANDARD_LIBRARIES = YES;
				CODE_SIGN_STYLE = Automatic;
				DEVELOPMENT_TEAM = 3P7CXQ622A;
				INFOPLIST_FILE = ConverThermoUITests/Info.plist;
				LD_RUNPATH_SEARCH_PATHS = (
					"$(inherited)",
					"@executable_path/Frameworks",
					"@loader_path/Frameworks",
				);
				PRODUCT_BUNDLE_IDENTIFIER = gab400.ConverThermoUITests;
				PRODUCT_NAME = "$(TARGET_NAME)";
				SWIFT_VERSION = 5.0;
				TARGETED_DEVICE_FAMILY = "1,2";
				TEST_TARGET_NAME = ConverThermo;
			};
			name = Debug;
		};
		3EF1E42329661151007C9B8D /* Release */ = {
			isa = XCBuildConfiguration;
			buildSettings = {
				ALWAYS_EMBED_SWIFT_STANDARD_LIBRARIES = YES;
				CODE_SIGN_STYLE = Automatic;
				DEVELOPMENT_TEAM = 3P7CXQ622A;
				INFOPLIST_FILE = ConverThermoUITests/Info.plist;
				LD_RUNPATH_SEARCH_PATHS = (
					"$(inherited)",
					"@executable_path/Frameworks",
					"@loader_path/Frameworks",
				);
				PRODUCT_BUNDLE_IDENTIFIER = gab400.ConverThermoUITests;
				PRODUCT_NAME = "$(TARGET_NAME)";
				SWIFT_VERSION = 5.0;
				TARGETED_DEVICE_FAMILY = "1,2";
				TEST_TARGET_NAME = ConverThermo;
			};
			name = Release;
		};
/* End XCBuildConfiguration section */

/* Begin XCConfigurationList section */
		3EF1E3F129661149007C9B8D /* Build configuration list for PBXProject "ConverThermo" */ = {
			isa = XCConfigurationList;
			buildConfigurations = (
				3EF1E41929661151007C9B8D /* Debug */,
				3EF1E41A29661151007C9B8D /* Release */,
			);
			defaultConfigurationIsVisible = 0;
			defaultConfigurationName = Release;
		};
		3EF1E41B29661151007C9B8D /* Build configuration list for PBXNativeTarget "ConverThermo" */ = {
			isa = XCConfigurationList;
			buildConfigurations = (
				3EF1E41C29661151007C9B8D /* Debug */,
				3EF1E41D29661151007C9B8D /* Release */,
			);
			defaultConfigurationIsVisible = 0;
			defaultConfigurationName = Release;
		};
		3EF1E41E29661151007C9B8D /* Build configuration list for PBXNativeTarget "ConverThermoTests" */ = {
			isa = XCConfigurationList;
			buildConfigurations = (
				3EF1E41F29661151007C9B8D /* Debug */,
				3EF1E42029661151007C9B8D /* Release */,
			);
			defaultConfigurationIsVisible = 0;
			defaultConfigurationName = Release;
		};
		3EF1E42129661151007C9B8D /* Build configuration list for PBXNativeTarget "ConverThermoUITests" */ = {
			isa = XCConfigurationList;
			buildConfigurations = (
				3EF1E42229661151007C9B8D /* Debug */,
				3EF1E42329661151007C9B8D /* Release */,
			);
			defaultConfigurationIsVisible = 0;
			defaultConfigurationName = Release;
		};
/* End XCConfigurationList section */
	};
	rootObject = 3EF1E3EE29661149007C9B8D /* Project object */;
}
